
Microsoft Visual Studio Solution File, Format Version 12.00
# Visual Studio Version 17
VisualStudioVersion = 17.13.35919.96 d17.13
MinimumVisualStudioVersion = 10.0.40219.1
Project("{FAE04EC0-301F-11D3-BF4B-00C04F79EFBC}") = "A2_MVC", "A2_MVC.csproj", "{259E8021-A387-40F3-BB27-3CC565F8ED9A}"
EndProject
Global
	GlobalSection(SolutionConfigurationPlatforms) = preSolution
		Debug|Any CPU = Debug|Any CPU
		Release|Any CPU = Release|Any CPU
	EndGlobalSection
	GlobalSection(ProjectConfigurationPlatforms) = postSolution
		{259E8021-A387-40F3-BB27-3CC565F8ED9A}.Debug|Any CPU.ActiveCfg = Debug|Any CPU
		{259E8021-A387-40F3-BB27-3CC565F8ED9A}.Debug|Any CPU.Build.0 = Debug|Any CPU
		{259E8021-A387-40F3-BB27-3CC565F8ED9A}.Release|Any CPU.ActiveCfg = Release|Any CPU
		{259E8021-A387-40F3-BB27-3CC565F8ED9A}.Release|Any CPU.Build.0 = Release|Any CPU
	EndGlobalSection
	GlobalSection(SolutionProperties) = preSolution
		HideSolutionNode = FALSE
	EndGlobalSection
	GlobalSection(ExtensibilityGlobals) = postSolution
		SolutionGuid = {FE9EBBBE-494A-4BB2-BD09-A336EF857B36}
	EndGlobalSection
EndGlobal
